// !$*UTF8*$!
{
	archiveVersion = 1;
	classes = {
	};
	objectVersion = 46;
	objects = {

/* Begin PBXBuildFile section */
		2C146B0818ED6B750093ECC2 /* M13Checkbox.m in Sources */ = {isa = PBXBuildFile; fileRef = 2C146B0718ED6B750093ECC2 /* M13Checkbox.m */; };
		2C2999E118ED285C0045C2DA /* SearchViewController.m in Sources */ = {isa = PBXBuildFile; fileRef = 2C2999E018ED285C0045C2DA /* SearchViewController.m */; };
		2C403E7518E3FEC500908F40 /* Entity.m in Sources */ = {isa = PBXBuildFile; fileRef = 2C403E7418E3FEC500908F40 /* Entity.m */; };
		2CFB163C18E1798D00904B20 /* Foundation.framework in Frameworks */ = {isa = PBXBuildFile; fileRef = 2CFB163B18E1798D00904B20 /* Foundation.framework */; };
		2CFB163E18E1798D00904B20 /* CoreGraphics.framework in Frameworks */ = {isa = PBXBuildFile; fileRef = 2CFB163D18E1798D00904B20 /* CoreGraphics.framework */; };
		2CFB164018E1798D00904B20 /* UIKit.framework in Frameworks */ = {isa = PBXBuildFile; fileRef = 2CFB163F18E1798D00904B20 /* UIKit.framework */; };
		2CFB164218E1798D00904B20 /* CoreData.framework in Frameworks */ = {isa = PBXBuildFile; fileRef = 2CFB164118E1798D00904B20 /* CoreData.framework */; };
		2CFB164818E1798D00904B20 /* InfoPlist.strings in Resources */ = {isa = PBXBuildFile; fileRef = 2CFB164618E1798D00904B20 /* InfoPlist.strings */; };
		2CFB164A18E1798D00904B20 /* main.m in Sources */ = {isa = PBXBuildFile; fileRef = 2CFB164918E1798D00904B20 /* main.m */; };
		2CFB164E18E1798D00904B20 /* AppDelegate.m in Sources */ = {isa = PBXBuildFile; fileRef = 2CFB164D18E1798D00904B20 /* AppDelegate.m */; };
		2CFB165118E1798D00904B20 /* CodeManiaCore.xcdatamodeld in Sources */ = {isa = PBXBuildFile; fileRef = 2CFB164F18E1798D00904B20 /* CodeManiaCore.xcdatamodeld */; };
		2CFB165318E1798D00904B20 /* Images.xcassets in Resources */ = {isa = PBXBuildFile; fileRef = 2CFB165218E1798D00904B20 /* Images.xcassets */; };
		2CFB165A18E1798D00904B20 /* XCTest.framework in Frameworks */ = {isa = PBXBuildFile; fileRef = 2CFB165918E1798D00904B20 /* XCTest.framework */; };
		2CFB165B18E1798D00904B20 /* Foundation.framework in Frameworks */ = {isa = PBXBuildFile; fileRef = 2CFB163B18E1798D00904B20 /* Foundation.framework */; };
		2CFB165C18E1798D00904B20 /* UIKit.framework in Frameworks */ = {isa = PBXBuildFile; fileRef = 2CFB163F18E1798D00904B20 /* UIKit.framework */; };
		2CFB165D18E1798D00904B20 /* CoreData.framework in Frameworks */ = {isa = PBXBuildFile; fileRef = 2CFB164118E1798D00904B20 /* CoreData.framework */; };
		2CFB166518E1798D00904B20 /* InfoPlist.strings in Resources */ = {isa = PBXBuildFile; fileRef = 2CFB166318E1798D00904B20 /* InfoPlist.strings */; };
		2CFB166718E1798D00904B20 /* CodeManiaCoreTests.m in Sources */ = {isa = PBXBuildFile; fileRef = 2CFB166618E1798D00904B20 /* CodeManiaCoreTests.m */; };
		2CFB167418E179FF00904B20 /* ViewController.m in Sources */ = {isa = PBXBuildFile; fileRef = 2CFB167318E179FF00904B20 /* ViewController.m */; };
		2CFB167618E17A0600904B20 /* Main.storyboard in Resources */ = {isa = PBXBuildFile; fileRef = 2CFB167518E17A0600904B20 /* Main.storyboard */; };
		2CFB167918E17A4800904B20 /* LevelViewController.m in Sources */ = {isa = PBXBuildFile; fileRef = 2CFB167818E17A4800904B20 /* LevelViewController.m */; };
		2CFB167C18E17A7B00904B20 /* QuestionViewController.m in Sources */ = {isa = PBXBuildFile; fileRef = 2CFB167B18E17A7B00904B20 /* QuestionViewController.m */; };
		2CFB167F18E17AAD00904B20 /* ViewViewController.m in Sources */ = {isa = PBXBuildFile; fileRef = 2CFB167E18E17AAD00904B20 /* ViewViewController.m */; };
		2CFB168218E17B1000904B20 /* PlistManager.m in Sources */ = {isa = PBXBuildFile; fileRef = 2CFB168118E17B1000904B20 /* PlistManager.m */; };
		2CFB168418E17B5700904B20 /* Property List.plist in Resources */ = {isa = PBXBuildFile; fileRef = 2CFB168318E17B5700904B20 /* Property List.plist */; };
/* End PBXBuildFile section */

/* Begin PBXContainerItemProxy section */
		2CFB165E18E1798D00904B20 /* PBXContainerItemProxy */ = {
			isa = PBXContainerItemProxy;
			containerPortal = 2CFB163018E1798C00904B20 /* Project object */;
			proxyType = 1;
			remoteGlobalIDString = 2CFB163718E1798D00904B20;
			remoteInfo = CodeManiaCore;
		};
/* End PBXContainerItemProxy section */

/* Begin PBXFileReference section */
		2C146B0618ED6B750093ECC2 /* M13Checkbox.h */ = {isa = PBXFileReference; fileEncoding = 4; lastKnownFileType = sourcecode.c.h; path = M13Checkbox.h; sourceTree = "<group>"; };
		2C146B0718ED6B750093ECC2 /* M13Checkbox.m */ = {isa = PBXFileReference; fileEncoding = 4; lastKnownFileType = sourcecode.c.objc; path = M13Checkbox.m; sourceTree = "<group>"; };
		2C2999DF18ED285C0045C2DA /* SearchViewController.h */ = {isa = PBXFileReference; fileEncoding = 4; lastKnownFileType = sourcecode.c.h; path = SearchViewController.h; sourceTree = "<group>"; };
		2C2999E018ED285C0045C2DA /* SearchViewController.m */ = {isa = PBXFileReference; fileEncoding = 4; lastKnownFileType = sourcecode.c.objc; path = SearchViewController.m; sourceTree = "<group>"; };
		2C403E7318E3FEC500908F40 /* Entity.h */ = {isa = PBXFileReference; fileEncoding = 4; lastKnownFileType = sourcecode.c.h; path = Entity.h; sourceTree = "<group>"; };
		2C403E7418E3FEC500908F40 /* Entity.m */ = {isa = PBXFileReference; fileEncoding = 4; lastKnownFileType = sourcecode.c.objc; path = Entity.m; sourceTree = "<group>"; };
		2CFB163818E1798D00904B20 /* CodeManiaCore.app */ = {isa = PBXFileReference; explicitFileType = wrapper.application; includeInIndex = 0; path = CodeManiaCore.app; sourceTree = BUILT_PRODUCTS_DIR; };
		2CFB163B18E1798D00904B20 /* Foundation.framework */ = {isa = PBXFileReference; lastKnownFileType = wrapper.framework; name = Foundation.framework; path = System/Library/Frameworks/Foundation.framework; sourceTree = SDKROOT; };
		2CFB163D18E1798D00904B20 /* CoreGraphics.framework */ = {isa = PBXFileReference; lastKnownFileType = wrapper.framework; name = CoreGraphics.framework; path = System/Library/Frameworks/CoreGraphics.framework; sourceTree = SDKROOT; };
		2CFB163F18E1798D00904B20 /* UIKit.framework */ = {isa = PBXFileReference; lastKnownFileType = wrapper.framework; name = UIKit.framework; path = System/Library/Frameworks/UIKit.framework; sourceTree = SDKROOT; };
		2CFB164118E1798D00904B20 /* CoreData.framework */ = {isa = PBXFileReference; lastKnownFileType = wrapper.framework; name = CoreData.framework; path = System/Library/Frameworks/CoreData.framework; sourceTree = SDKROOT; };
		2CFB164518E1798D00904B20 /* CodeManiaCore-Info.plist */ = {isa = PBXFileReference; lastKnownFileType = text.plist.xml; path = "CodeManiaCore-Info.plist"; sourceTree = "<group>"; };
		2CFB164718E1798D00904B20 /* en */ = {isa = PBXFileReference; lastKnownFileType = text.plist.strings; name = en; path = en.lproj/InfoPlist.strings; sourceTree = "<group>"; };
		2CFB164918E1798D00904B20 /* main.m */ = {isa = PBXFileReference; lastKnownFileType = sourcecode.c.objc; path = main.m; sourceTree = "<group>"; };
		2CFB164B18E1798D00904B20 /* CodeManiaCore-Prefix.pch */ = {isa = PBXFileReference; lastKnownFileType = sourcecode.c.h; path = "CodeManiaCore-Prefix.pch"; sourceTree = "<group>"; };
		2CFB164C18E1798D00904B20 /* AppDelegate.h */ = {isa = PBXFileReference; lastKnownFileType = sourcecode.c.h; path = AppDelegate.h; sourceTree = "<group>"; };
		2CFB164D18E1798D00904B20 /* AppDelegate.m */ = {isa = PBXFileReference; lastKnownFileType = sourcecode.c.objc; path = AppDelegate.m; sourceTree = "<group>"; };
		2CFB165018E1798D00904B20 /* CodeManiaCore.xcdatamodel */ = {isa = PBXFileReference; lastKnownFileType = wrapper.xcdatamodel; path = CodeManiaCore.xcdatamodel; sourceTree = "<group>"; };
		2CFB165218E1798D00904B20 /* Images.xcassets */ = {isa = PBXFileReference; lastKnownFileType = folder.assetcatalog; path = Images.xcassets; sourceTree = "<group>"; };
		2CFB165818E1798D00904B20 /* CodeManiaCoreTests.xctest */ = {isa = PBXFileReference; explicitFileType = wrapper.cfbundle; includeInIndex = 0; path = CodeManiaCoreTests.xctest; sourceTree = BUILT_PRODUCTS_DIR; };
		2CFB165918E1798D00904B20 /* XCTest.framework */ = {isa = PBXFileReference; lastKnownFileType = wrapper.framework; name = XCTest.framework; path = Library/Frameworks/XCTest.framework; sourceTree = DEVELOPER_DIR; };
		2CFB166218E1798D00904B20 /* CodeManiaCoreTests-Info.plist */ = {isa = PBXFileReference; lastKnownFileType = text.plist.xml; path = "CodeManiaCoreTests-Info.plist"; sourceTree = "<group>"; };
		2CFB166418E1798D00904B20 /* en */ = {isa = PBXFileReference; lastKnownFileType = text.plist.strings; name = en; path = en.lproj/InfoPlist.strings; sourceTree = "<group>"; };
		2CFB166618E1798D00904B20 /* CodeManiaCoreTests.m */ = {isa = PBXFileReference; lastKnownFileType = sourcecode.c.objc; path = CodeManiaCoreTests.m; sourceTree = "<group>"; };
		2CFB167218E179FF00904B20 /* ViewController.h */ = {isa = PBXFileReference; fileEncoding = 4; lastKnownFileType = sourcecode.c.h; path = ViewController.h; sourceTree = "<group>"; };
		2CFB167318E179FF00904B20 /* ViewController.m */ = {isa = PBXFileReference; fileEncoding = 4; lastKnownFileType = sourcecode.c.objc; path = ViewController.m; sourceTree = "<group>"; };
		2CFB167518E17A0600904B20 /* Main.storyboard */ = {isa = PBXFileReference; fileEncoding = 4; lastKnownFileType = file.storyboard; name = Main.storyboard; path = ../Main.storyboard; sourceTree = "<group>"; };
		2CFB167718E17A4800904B20 /* LevelViewController.h */ = {isa = PBXFileReference; fileEncoding = 4; lastKnownFileType = sourcecode.c.h; path = LevelViewController.h; sourceTree = "<group>"; };
		2CFB167818E17A4800904B20 /* LevelViewController.m */ = {isa = PBXFileReference; fileEncoding = 4; lastKnownFileType = sourcecode.c.objc; path = LevelViewController.m; sourceTree = "<group>"; };
		2CFB167A18E17A7B00904B20 /* QuestionViewController.h */ = {isa = PBXFileReference; fileEncoding = 4; lastKnownFileType = sourcecode.c.h; path = QuestionViewController.h; sourceTree = "<group>"; };
		2CFB167B18E17A7B00904B20 /* QuestionViewController.m */ = {isa = PBXFileReference; fileEncoding = 4; lastKnownFileType = sourcecode.c.objc; path = QuestionViewController.m; sourceTree = "<group>"; };
		2CFB167D18E17AAD00904B20 /* ViewViewController.h */ = {isa = PBXFileReference; fileEncoding = 4; lastKnownFileType = sourcecode.c.h; path = ViewViewController.h; sourceTree = "<group>"; };
		2CFB167E18E17AAD00904B20 /* ViewViewController.m */ = {isa = PBXFileReference; fileEncoding = 4; lastKnownFileType = sourcecode.c.objc; path = ViewViewController.m; sourceTree = "<group>"; };
		2CFB168018E17B1000904B20 /* PlistManager.h */ = {isa = PBXFileReference; fileEncoding = 4; lastKnownFileType = sourcecode.c.h; path = PlistManager.h; sourceTree = "<group>"; };
		2CFB168118E17B1000904B20 /* PlistManager.m */ = {isa = PBXFileReference; fileEncoding = 4; lastKnownFileType = sourcecode.c.objc; path = PlistManager.m; sourceTree = "<group>"; };
		2CFB168318E17B5700904B20 /* Property List.plist */ = {isa = PBXFileReference; fileEncoding = 4; lastKnownFileType = text.plist.xml; name = "Property List.plist"; path = "../Property List.plist"; sourceTree = "<group>"; };
/* End PBXFileReference section */

/* Begin PBXFrameworksBuildPhase section */
		2CFB163518E1798D00904B20 /* Frameworks */ = {
			isa = PBXFrameworksBuildPhase;
			buildActionMask = 2147483647;
			files = (
				2CFB163E18E1798D00904B20 /* CoreGraphics.framework in Frameworks */,
				2CFB164218E1798D00904B20 /* CoreData.framework in Frameworks */,
				2CFB164018E1798D00904B20 /* UIKit.framework in Frameworks */,
				2CFB163C18E1798D00904B20 /* Foundation.framework in Frameworks */,
			);
			runOnlyForDeploymentPostprocessing = 0;
		};
		2CFB165518E1798D00904B20 /* Frameworks */ = {
			isa = PBXFrameworksBuildPhase;
			buildActionMask = 2147483647;
			files = (
				2CFB165A18E1798D00904B20 /* XCTest.framework in Frameworks */,
				2CFB165D18E1798D00904B20 /* CoreData.framework in Frameworks */,
				2CFB165C18E1798D00904B20 /* UIKit.framework in Frameworks */,
				2CFB165B18E1798D00904B20 /* Foundation.framework in Frameworks */,
			);
			runOnlyForDeploymentPostprocessing = 0;
		};
/* End PBXFrameworksBuildPhase section */

/* Begin PBXGroup section */
		2C146ABD18ED58AC0093ECC2 /* CoreDataManager */ = {
			isa = PBXGroup;
			children = (
				2C403E7418E3FEC500908F40 /* Entity.m */,
				2C403E7318E3FEC500908F40 /* Entity.h */,
				2CFB168018E17B1000904B20 /* PlistManager.h */,
				2CFB168118E17B1000904B20 /* PlistManager.m */,
			);
			name = CoreDataManager;
			sourceTree = "<group>";
		};
		2C146ABF18ED58E00093ECC2 /* ViewControllers */ = {
			isa = PBXGroup;
			children = (
				2C146B0618ED6B750093ECC2 /* M13Checkbox.h */,
				2C146B0718ED6B750093ECC2 /* M13Checkbox.m */,
				2CFB167218E179FF00904B20 /* ViewController.h */,
				2CFB167318E179FF00904B20 /* ViewController.m */,
				2CFB167718E17A4800904B20 /* LevelViewController.h */,
				2CFB167818E17A4800904B20 /* LevelViewController.m */,
				2CFB167A18E17A7B00904B20 /* QuestionViewController.h */,
				2CFB167B18E17A7B00904B20 /* QuestionViewController.m */,
				2CFB167D18E17AAD00904B20 /* ViewViewController.h */,
				2CFB167E18E17AAD00904B20 /* ViewViewController.m */,
				2C2999DF18ED285C0045C2DA /* SearchViewController.h */,
				2C2999E018ED285C0045C2DA /* SearchViewController.m */,
			);
			name = ViewControllers;
			sourceTree = "<group>";
		};
		2CFB162F18E1798C00904B20 = {
			isa = PBXGroup;
			children = (
				2C146ABD18ED58AC0093ECC2 /* CoreDataManager */,
				2C146ABF18ED58E00093ECC2 /* ViewControllers */,
				2CFB164318E1798D00904B20 /* CodeManiaCore */,
				2CFB166018E1798D00904B20 /* CodeManiaCoreTests */,
				2CFB163A18E1798D00904B20 /* Frameworks */,
				2CFB163918E1798D00904B20 /* Products */,
			);
			sourceTree = "<group>";
		};
		2CFB163918E1798D00904B20 /* Products */ = {
			isa = PBXGroup;
			children = (
				2CFB163818E1798D00904B20 /* CodeManiaCore.app */,
				2CFB165818E1798D00904B20 /* CodeManiaCoreTests.xctest */,
			);
			name = Products;
			sourceTree = "<group>";
		};
		2CFB163A18E1798D00904B20 /* Frameworks */ = {
			isa = PBXGroup;
			children = (
				2CFB163B18E1798D00904B20 /* Foundation.framework */,
				2CFB163D18E1798D00904B20 /* CoreGraphics.framework */,
				2CFB163F18E1798D00904B20 /* UIKit.framework */,
				2CFB164118E1798D00904B20 /* CoreData.framework */,
				2CFB165918E1798D00904B20 /* XCTest.framework */,
			);
			name = Frameworks;
			sourceTree = "<group>";
		};
		2CFB164318E1798D00904B20 /* CodeManiaCore */ = {
			isa = PBXGroup;
			children = (
				2CFB167518E17A0600904B20 /* Main.storyboard */,
				2CFB168318E17B5700904B20 /* Property List.plist */,
				2CFB164C18E1798D00904B20 /* AppDelegate.h */,
				2CFB164D18E1798D00904B20 /* AppDelegate.m */,
				2CFB165218E1798D00904B20 /* Images.xcassets */,
				2CFB164F18E1798D00904B20 /* CodeManiaCore.xcdatamodeld */,
				2CFB164418E1798D00904B20 /* Supporting Files */,
			);
			path = CodeManiaCore;
			sourceTree = "<group>";
		};
		2CFB164418E1798D00904B20 /* Supporting Files */ = {
			isa = PBXGroup;
			children = (
				2CFB164518E1798D00904B20 /* CodeManiaCore-Info.plist */,
				2CFB164618E1798D00904B20 /* InfoPlist.strings */,
				2CFB164918E1798D00904B20 /* main.m */,
				2CFB164B18E1798D00904B20 /* CodeManiaCore-Prefix.pch */,
			);
			name = "Supporting Files";
			sourceTree = "<group>";
		};
		2CFB166018E1798D00904B20 /* CodeManiaCoreTests */ = {
			isa = PBXGroup;
			children = (
				2CFB166618E1798D00904B20 /* CodeManiaCoreTests.m */,
				2CFB166118E1798D00904B20 /* Supporting Files */,
			);
			path = CodeManiaCoreTests;
			sourceTree = "<group>";
		};
		2CFB166118E1798D00904B20 /* Supporting Files */ = {
			isa = PBXGroup;
			children = (
				2CFB166218E1798D00904B20 /* CodeManiaCoreTests-Info.plist */,
				2CFB166318E1798D00904B20 /* InfoPlist.strings */,
			);
			name = "Supporting Files";
			sourceTree = "<group>";
		};
/* End PBXGroup section */

/* Begin PBXNativeTarget section */
		2CFB163718E1798D00904B20 /* CodeManiaCore */ = {
			isa = PBXNativeTarget;
			buildConfigurationList = 2CFB166A18E1798D00904B20 /* Build configuration list for PBXNativeTarget "CodeManiaCore" */;
			buildPhases = (
				2CFB163418E1798D00904B20 /* Sources */,
				2CFB163518E1798D00904B20 /* Frameworks */,
				2CFB163618E1798D00904B20 /* Resources */,
			);
			buildRules = (
			);
			dependencies = (
			);
			name = CodeManiaCore;
			productName = CodeManiaCore;
			productReference = 2CFB163818E1798D00904B20 /* CodeManiaCore.app */;
			productType = "com.apple.product-type.application";
		};
		2CFB165718E1798D00904B20 /* CodeManiaCoreTests */ = {
			isa = PBXNativeTarget;
			buildConfigurationList = 2CFB166D18E1798D00904B20 /* Build configuration list for PBXNativeTarget "CodeManiaCoreTests" */;
			buildPhases = (
				2CFB165418E1798D00904B20 /* Sources */,
				2CFB165518E1798D00904B20 /* Frameworks */,
				2CFB165618E1798D00904B20 /* Resources */,
			);
			buildRules = (
			);
			dependencies = (
				2CFB165F18E1798D00904B20 /* PBXTargetDependency */,
			);
			name = CodeManiaCoreTests;
			productName = CodeManiaCoreTests;
			productReference = 2CFB165818E1798D00904B20 /* CodeManiaCoreTests.xctest */;
			productType = "com.apple.product-type.bundle.unit-test";
		};
/* End PBXNativeTarget section */

/* Begin PBXProject section */
		2CFB163018E1798C00904B20 /* Project object */ = {
			isa = PBXProject;
			attributes = {
				LastUpgradeCheck = 0510;
				ORGANIZATIONNAME = "BSA univ 2";
				TargetAttributes = {
					2CFB165718E1798D00904B20 = {
						TestTargetID = 2CFB163718E1798D00904B20;
					};
				};
			};
			buildConfigurationList = 2CFB163318E1798C00904B20 /* Build configuration list for PBXProject "CodeManiaCore" */;
			compatibilityVersion = "Xcode 3.2";
			developmentRegion = English;
			hasScannedForEncodings = 0;
			knownRegions = (
				en,
			);
			mainGroup = 2CFB162F18E1798C00904B20;
			productRefGroup = 2CFB163918E1798D00904B20 /* Products */;
			projectDirPath = "";
			projectRoot = "";
			targets = (
				2CFB163718E1798D00904B20 /* CodeManiaCore */,
				2CFB165718E1798D00904B20 /* CodeManiaCoreTests */,
			);
		};
/* End PBXProject section */

/* Begin PBXResourcesBuildPhase section */
		2CFB163618E1798D00904B20 /* Resources */ = {
			isa = PBXResourcesBuildPhase;
			buildActionMask = 2147483647;
			files = (
				2CFB167618E17A0600904B20 /* Main.storyboard in Resources */,
				2CFB164818E1798D00904B20 /* InfoPlist.strings in Resources */,
				2CFB168418E17B5700904B20 /* Property List.plist in Resources */,
				2CFB165318E1798D00904B20 /* Images.xcassets in Resources */,
			);
			runOnlyForDeploymentPostprocessing = 0;
		};
		2CFB165618E1798D00904B20 /* Resources */ = {
			isa = PBXResourcesBuildPhase;
			buildActionMask = 2147483647;
			files = (
				2CFB166518E1798D00904B20 /* InfoPlist.strings in Resources */,
			);
			runOnlyForDeploymentPostprocessing = 0;
		};
/* End PBXResourcesBuildPhase section */

/* Begin PBXSourcesBuildPhase section */
		2CFB163418E1798D00904B20 /* Sources */ = {
			isa = PBXSourcesBuildPhase;
			buildActionMask = 2147483647;
			files = (
				2CFB168218E17B1000904B20 /* PlistManager.m in Sources */,
				2CFB167F18E17AAD00904B20 /* ViewViewController.m in Sources */,
				2C2999E118ED285C0045C2DA /* SearchViewController.m in Sources */,
				2CFB164E18E1798D00904B20 /* AppDelegate.m in Sources */,
				2CFB167918E17A4800904B20 /* LevelViewController.m in Sources */,
				2CFB167C18E17A7B00904B20 /* QuestionViewController.m in Sources */,
				2CFB165118E1798D00904B20 /* CodeManiaCore.xcdatamodeld in Sources */,
				2C146B0818ED6B750093ECC2 /* M13Checkbox.m in Sources */,
				2C403E7518E3FEC500908F40 /* Entity.m in Sources */,
				2CFB167418E179FF00904B20 /* ViewController.m in Sources */,
				2CFB164A18E1798D00904B20 /* main.m in Sources */,
			);
			runOnlyForDeploymentPostprocessing = 0;
		};
		2CFB165418E1798D00904B20 /* Sources */ = {
			isa = PBXSourcesBuildPhase;
			buildActionMask = 2147483647;
			files = (
				2CFB166718E1798D00904B20 /* CodeManiaCoreTests.m in Sources */,
			);
			runOnlyForDeploymentPostprocessing = 0;
		};
/* End PBXSourcesBuildPhase section */

/* Begin PBXTargetDependency section */
		2CFB165F18E1798D00904B20 /* PBXTargetDependency */ = {
			isa = PBXTargetDependency;
			target = 2CFB163718E1798D00904B20 /* CodeManiaCore */;
			targetProxy = 2CFB165E18E1798D00904B20 /* PBXContainerItemProxy */;
		};
/* End PBXTargetDependency section */

/* Begin PBXVariantGroup section */
		2CFB164618E1798D00904B20 /* InfoPlist.strings */ = {
			isa = PBXVariantGroup;
			children = (
				2CFB164718E1798D00904B20 /* en */,
			);
			name = InfoPlist.strings;
			sourceTree = "<group>";
		};
		2CFB166318E1798D00904B20 /* InfoPlist.strings */ = {
			isa = PBXVariantGroup;
			children = (
				2CFB166418E1798D00904B20 /* en */,
			);
			name = InfoPlist.strings;
			sourceTree = "<group>";
		};
/* End PBXVariantGroup section */

/* Begin XCBuildConfiguration section */
		2CFB166818E1798D00904B20 /* Debug */ = {
			isa = XCBuildConfiguration;
			buildSettings = {
				ALWAYS_SEARCH_USER_PATHS = NO;
				CLANG_CXX_LANGUAGE_STANDARD = "gnu++0x";
				CLANG_CXX_LIBRARY = "libc++";
				CLANG_ENABLE_MODULES = YES;
				CLANG_ENABLE_OBJC_ARC = YES;
				CLANG_WARN_BOOL_CONVERSION = YES;
				CLANG_WARN_CONSTANT_CONVERSION = YES;
				CLANG_WARN_DIRECT_OBJC_ISA_USAGE = YES_ERROR;
				CLANG_WARN_EMPTY_BODY = YES;
				CLANG_WARN_ENUM_CONVERSION = YES;
				CLANG_WARN_INT_CONVERSION = YES;
				CLANG_WARN_OBJC_ROOT_CLASS = YES_ERROR;
				CLANG_WARN__DUPLICATE_METHOD_MATCH = YES;
				"CODE_SIGN_IDENTITY[sdk=iphoneos*]" = "iPhone Developer";
				COPY_PHASE_STRIP = NO;
				GCC_C_LANGUAGE_STANDARD = gnu99;
				GCC_DYNAMIC_NO_PIC = NO;
				GCC_OPTIMIZATION_LEVEL = 0;
				GCC_PREPROCESSOR_DEFINITIONS = (
					"DEBUG=1",
					"$(inherited)",
				);
				GCC_SYMBOLS_PRIVATE_EXTERN = NO;
				GCC_WARN_64_TO_32_BIT_CONVERSION = YES;
				GCC_WARN_ABOUT_RETURN_TYPE = YES_ERROR;
				GCC_WARN_UNDECLARED_SELECTOR = YES;
				GCC_WARN_UNINITIALIZED_AUTOS = YES_AGGRESSIVE;
				GCC_WARN_UNUSED_FUNCTION = YES;
				GCC_WARN_UNUSED_VARIABLE = YES;
				IPHONEOS_DEPLOYMENT_TARGET = 7.1;
				ONLY_ACTIVE_ARCH = YES;
				SDKROOT = iphoneos;
			};
			name = Debug;
		};
		2CFB166918E1798D00904B20 /* Release */ = {
			isa = XCBuildConfiguration;
			buildSettings = {
				ALWAYS_SEARCH_USER_PATHS = NO;
				CLANG_CXX_LANGUAGE_STANDARD = "gnu++0x";
				CLANG_CXX_LIBRARY = "libc++";
				CLANG_ENABLE_MODULES = YES;
				CLANG_ENABLE_OBJC_ARC = YES;
				CLANG_WARN_BOOL_CONVERSION = YES;
				CLANG_WARN_CONSTANT_CONVERSION = YES;
				CLANG_WARN_DIRECT_OBJC_ISA_USAGE = YES_ERROR;
				CLANG_WARN_EMPTY_BODY = YES;
				CLANG_WARN_ENUM_CONVERSION = YES;
				CLANG_WARN_INT_CONVERSION = YES;
				CLANG_WARN_OBJC_ROOT_CLASS = YES_ERROR;
				CLANG_WARN__DUPLICATE_METHOD_MATCH = YES;
				"CODE_SIGN_IDENTITY[sdk=iphoneos*]" = "iPhone Developer";
				COPY_PHASE_STRIP = YES;
				ENABLE_NS_ASSERTIONS = NO;
				GCC_C_LANGUAGE_STANDARD = gnu99;
				GCC_WARN_64_TO_32_BIT_CONVERSION = YES;
				GCC_WARN_ABOUT_RETURN_TYPE = YES_ERROR;
				GCC_WARN_UNDECLARED_SELECTOR = YES;
				GCC_WARN_UNINITIALIZED_AUTOS = YES_AGGRESSIVE;
				GCC_WARN_UNUSED_FUNCTION = YES;
				GCC_WARN_UNUSED_VARIABLE = YES;
				IPHONEOS_DEPLOYMENT_TARGET = 7.1;
				SDKROOT = iphoneos;
				VALIDATE_PRODUCT = YES;
			};
			name = Release;
		};
		2CFB166B18E1798D00904B20 /* Debug */ = {
			isa = XCBuildConfiguration;
			buildSettings = {
				ASSETCATALOG_COMPILER_APPICON_NAME = AppIcon;
				ASSETCATALOG_COMPILER_LAUNCHIMAGE_NAME = LaunchImage;
				GCC_PRECOMPILE_PREFIX_HEADER = YES;
				GCC_PREFIX_HEADER = "CodeManiaCore/CodeManiaCore-Prefix.pch";
				INFOPLIST_FILE = "CodeManiaCore/CodeManiaCore-Info.plist";
				PRODUCT_NAME = "$(TARGET_NAME)";
				WRAPPER_EXTENSION = app;
			};
			name = Debug;
		};
		2CFB166C18E1798D00904B20 /* Release */ = {
			isa = XCBuildConfiguration;
			buildSettings = {
				ASSETCATALOG_COMPILER_APPICON_NAME = AppIcon;
				ASSETCATALOG_COMPILER_LAUNCHIMAGE_NAME = LaunchImage;
				GCC_PRECOMPILE_PREFIX_HEADER = YES;
				GCC_PREFIX_HEADER = "CodeManiaCore/CodeManiaCore-Prefix.pch";
				INFOPLIST_FILE = "CodeManiaCore/CodeManiaCore-Info.plist";
				PRODUCT_NAME = "$(TARGET_NAME)";
				WRAPPER_EXTENSION = app;
			};
			name = Release;
		};
		2CFB166E18E1798D00904B20 /* Debug */ = {
			isa = XCBuildConfiguration;
			buildSettings = {
				BUNDLE_LOADER = "$(BUILT_PRODUCTS_DIR)/CodeManiaCore.app/CodeManiaCore";
				FRAMEWORK_SEARCH_PATHS = (
					"$(SDKROOT)/Developer/Library/Frameworks",
					"$(inherited)",
					"$(DEVELOPER_FRAMEWORKS_DIR)",
				);
				GCC_PRECOMPILE_PREFIX_HEADER = YES;
				GCC_PREFIX_HEADER = "CodeManiaCore/CodeManiaCore-Prefix.pch";
				GCC_PREPROCESSOR_DEFINITIONS = (
					"DEBUG=1",
					"$(inherited)",
				);
				INFOPLIST_FILE = "CodeManiaCoreTests/CodeManiaCoreTests-Info.plist";
				PRODUCT_NAME = "$(TARGET_NAME)";
				TEST_HOST = "$(BUNDLE_LOADER)";
				WRAPPER_EXTENSION = xctest;
			};
			name = Debug;
		};
		2CFB166F18E1798D00904B20 /* Release */ = {
			isa = XCBuildConfiguration;
			buildSettings = {
				BUNDLE_LOADER = "$(BUILT_PRODUCTS_DIR)/CodeManiaCore.app/CodeManiaCore";
				FRAMEWORK_SEARCH_PATHS = (
					"$(SDKROOT)/Developer/Library/Frameworks",
					"$(inherited)",
					"$(DEVELOPER_FRAMEWORKS_DIR)",
				);
				GCC_PRECOMPILE_PREFIX_HEADER = YES;
				GCC_PREFIX_HEADER = "CodeManiaCore/CodeManiaCore-Prefix.pch";
				INFOPLIST_FILE = "CodeManiaCoreTests/CodeManiaCoreTests-Info.plist";
				PRODUCT_NAME = "$(TARGET_NAME)";
				TEST_HOST = "$(BUNDLE_LOADER)";
				WRAPPER_EXTENSION = xctest;
			};
			name = Release;
		};
/* End XCBuildConfiguration section */

/* Begin XCConfigurationList section */
		2CFB163318E1798C00904B20 /* Build configuration list for PBXProject "CodeManiaCore" */ = {
			isa = XCConfigurationList;
			buildConfigurations = (
				2CFB166818E1798D00904B20 /* Debug */,
				2CFB166918E1798D00904B20 /* Release */,
			);
			defaultConfigurationIsVisible = 0;
			defaultConfigurationName = Release;
		};
		2CFB166A18E1798D00904B20 /* Build configuration list for PBXNativeTarget "CodeManiaCore" */ = {
			isa = XCConfigurationList;
			buildConfigurations = (
				2CFB166B18E1798D00904B20 /* Debug */,
				2CFB166C18E1798D00904B20 /* Release */,
			);
			defaultConfigurationIsVisible = 0;
			defaultConfigurationName = Release;
		};
		2CFB166D18E1798D00904B20 /* Build configuration list for PBXNativeTarget "CodeManiaCoreTests" */ = {
			isa = XCConfigurationList;
			buildConfigurations = (
				2CFB166E18E1798D00904B20 /* Debug */,
				2CFB166F18E1798D00904B20 /* Release */,
			);
			defaultConfigurationIsVisible = 0;
			defaultConfigurationName = Release;
		};
/* End XCConfigurationList section */

/* Begin XCVersionGroup section */
		2CFB164F18E1798D00904B20 /* CodeManiaCore.xcdatamodeld */ = {
			isa = XCVersionGroup;
			children = (
				2CFB165018E1798D00904B20 /* CodeManiaCore.xcdatamodel */,
			);
			currentVersion = 2CFB165018E1798D00904B20 /* CodeManiaCore.xcdatamodel */;
			path = CodeManiaCore.xcdatamodeld;
			sourceTree = "<group>";
			versionGroupType = wrapper.xcdatamodel;
		};
/* End XCVersionGroup section */
	};
	rootObject = 2CFB163018E1798C00904B20 /* Project object */;
}
